{
    "_meta": {
        "hash": {
            "sha256": "80eed6f3ade9274f377d1f1e0e3d362a8b64e003a18e64f18bcbd81ca438d678"
        },
        "pipfile-spec": 6,
        "requires": {
            "python_version": "3.7"
        },
        "sources": [
            {
                "name": "pypi",
                "url": "https://pypi.org/simple",
                "verify_ssl": true
            }
        ]
    },
    "default": {
        "bnmutils": {
            "hashes": [
                "sha256:62fef049f3b83d120573c5eb823862a746cc2d9e6c50ebd95976ab2ffb831c0f",
                "sha256:bf21ac21e04aa1db35160bb38690e22d8d10571b6dd1364c331cdb7031f14021"
            ],
            "version": "==1.0.3"
        },
        "click": {
            "hashes": [
                "sha256:2335065e6395b9e67ca716de5f7526736bfa6ceead690adf616d925bdc622b13",
                "sha256:5b94b49521f6456670fdb30cd82a4eca9412788a93fa6dd6df72c94d5a8ff2d7"
            ],
            "version": "==7.0"
        },
        "docutils": {
            "hashes": [
                "sha256:02aec4bd92ab067f6ff27a38a38a41173bf01bed8f89157768c1573f53e474a6",
                "sha256:51e64ef2ebfb29cae1faa133b3710143496eca21c530f3f71424d77687764274",
                "sha256:7a4bd47eaf6596e1295ecb11361139febe29b084a87bf005bf899f9a42edc3c6"
            ],
            "version": "==0.14"
        },
        "googleapis-common-protos": {
            "hashes": [
                "sha256:1f0851eba989e80b81d0003a61cb942c2704e6669422a9f02a2912b9639ef3c0"
            ],
            "version": "==1.6.0b9"
        },
        "grpcio": {
            "hashes": [
                "sha256:014b2deffef80999f7db6088fd06a741e558f0407515e05cceb85e112e4e5b37",
                "sha256:0479a6a6c8681d1f442c8f62e0a13f454a6c344b7784390b6a12731132e06556",
                "sha256:09e7c139d2d163e319a1072780e6743a697f8aa33f58273f38fd04b6a11dd48a",
                "sha256:0fae3b3049c9dac50d8fac890b8c070f887606c593c26e6733c02785c6a91c38",
                "sha256:1d8e05bbffe4118cd8c1c2ec31e7a79689a001fa55b4bfb3e6dde24d1841afcb",
                "sha256:207201bf799d39b4171a3e403afbfeb2978f5f8e9570f2f1e5d0332a9dee39c1",
                "sha256:22c53e8354c7f268fd1b429abd84ce3cc71a3279b67297ab3d3ce10fd7bc073a",
                "sha256:23a15b2074193ba2aa6229fa2a1992381d86f25761de0a7f60e3f2c81b1f268a",
                "sha256:278e8bf70c1e4896e0957c1704ee7660717d3367a78a6953c36fdb23a7b54eb9",
                "sha256:299fcef4f72502a85215767f32c5cfb5cd417b74d4e68c4e053a290c0086603c",
                "sha256:3e1d47a0a0bca60396a9cb90b65014bc457f7fcb8b3ea97c14aad96172120869",
                "sha256:4bde8e2299b37b2a8c6d16c32c911777f1973ea8ea470cba53715ff37f3e7cfe",
                "sha256:70f317a04e97811eecf7f0d908fddf227377401c1387d0e6d459966c9bdaaa4a",
                "sha256:7488f6f8c0c9615a83f8f7d89d0bcd54ff0309723d390338a4fbf8769c761ebc",
                "sha256:7742220197715d26cc96c9d95b5945edc644a466d90b429185fc04a7a3bb4dee",
                "sha256:7e925343f7eb306efed492a6e2f68ce4366f89741711b3271ba1d5d636daea26",
                "sha256:7ef6d1a4e5c0521925c355247294f8a47679908009d330f9c32855bc8e40142a",
                "sha256:89e3a09623737cc6ff03a70205d88fe1ff90cc664dcc52dfd12d5b669ffe1944",
                "sha256:8ce072639aace5e04c77ae6a65ebafdc83627f02b01b84de4b12cab76062e24b",
                "sha256:90a266352b40367649f96a6cd3375155b716ec50e478cb54c58f433aebf62861",
                "sha256:976ed048ab555c638fed8d6d107a71fc4230f982001f2a0851c7e43de158735b",
                "sha256:98c1afd179f94b73f7bc06373b60dc72ced8d2817115f5203878ea4da73fba8e",
                "sha256:9f4e3f3ab9afb51c4cd47a34a4c6f8af075e5b883afb642f7aec46436691cb27",
                "sha256:a60b2095eeb19144308b34241eaf258dca5deefc0ddc9ebcce5da869cab0cb77",
                "sha256:a87f81d8dbf605b3bb13468c3f0ac3e649dfbbf2418656fdb829d6a195463292",
                "sha256:ae496848fd7283b49a5b23c0caca3ef3d867449f7dbc66d1b619b6a19d1eb422",
                "sha256:b3e26d6ffe8c5fc3302722142ae501e0a4743664827629cc154c5864efd360c2",
                "sha256:b9ef3a0c6b64dd0527048810faec790a1254bf070e6ac7fba51c7fc1df19f718",
                "sha256:c23e2c7ecbf93eaca278232863a8621f587aea454ea6b71643631b26ac6ce61c",
                "sha256:c86e4be6a723d08f1cfdfbdb5350e85c0222d0ff4344c30c2de9b357ad43c9f7",
                "sha256:cb6572f601fabf3a23c543c2146a0c8599c6af24fd1b450eaea644521d269572",
                "sha256:ebc13ca201f7a41571bddb51596cd1168c429b62f37c8fc693ce9d6a36ea6ceb"
            ],
            "version": "==1.21.0rc1"
        },
        "grpcio-tools": {
            "hashes": [
                "sha256:151046af41dad2ccd589bf5d73abfae9a9368397ce0caad849d4f08bc880cd33",
                "sha256:161a9de9eaa2c6ed632d094b68f5ee22706f0ffdbfb52a63c7d46708b6609a3d",
                "sha256:173b7827c43d041ad7d426984fe15b918b38e846f56631b903beda01f2691861",
                "sha256:1a4fe9daf39d9a556f6181e60b8690a63ec4d356096cb47228016c20a0c2d784",
                "sha256:263a6111d48534b2ca08442a9ba3c8a54a01f208af5ae33d07af5ecb93a9d333",
                "sha256:2a2362d21703d2b71e8168cd35e02d2d4a02571f12b7a3429388af6054b16a0a",
                "sha256:391392b0149b1b46377e095c31e7efb6d5f9c69a451b943cdf8ee87865978d67",
                "sha256:393c5534f6ec18ce865a64f55d596233e11563df964803b70d3fb0d7fe762800",
                "sha256:6387c930aadcab4f804050cbcd8f7bf35eb306ffd974d552cfbc4e51b7fb5595",
                "sha256:6b5ea1c4e837fc91857da26679b41fe234ab2a725dc575adef4c703e97498514",
                "sha256:6cd6fbf187117be3e0d7f349f0857bb5f116f029d71b7a8780dbd6986095e37c",
                "sha256:71dca9e2a6c676b14d433fd0fdfa64435e601635aa9912af0c529edea68ce724",
                "sha256:7cb071de5936e0b18465908a0284cc1177bf1779c148c04c2415e3bcd1c2f94c",
                "sha256:7d1287d10f19b36c15a675126487bb0cc1e1b9a87f6f8c52a4c4b0832a3f0e5d",
                "sha256:7fc86891a95229c27f13a8f54c1ad692b9bedd426357b0edb398989a80318349",
                "sha256:8ba605290b106c65dd906c1ba0f4b4b19becf129e60ad4877faaa72790bc45f7",
                "sha256:92714cb8cf607eb99490e261776dfb662a7fce7af46f21a3e87d7768319babb8",
                "sha256:92fab7abb2ed44bacd92d5919fc6356a507da5c3a9ad8b21d374315e597be12a",
                "sha256:95eb7bd8ddd1284f9f77b8e31858eb84a50294ee712a24f71d231f0e3047eabb",
                "sha256:98293ba8080db17c1242729e9f6a3797fa5f654a3c53b3b6d87e2f54b74ebbf8",
                "sha256:9c2815d3bb3dcc1dc72f971f247a9d625bf0c8b396cfd8007d3ca815eff0b5e3",
                "sha256:a39cfafe520aa4f0f1a1fcf5f413a89aa483819f61eae68918ddb7d93f0122bb",
                "sha256:a41dace027bb77d871116ce6f10f8a0627028ac5d82e0f0b84e85ffd9d9a1732",
                "sha256:b51fbde473bd18652e9d0b23a8f2c2625283980448777483b976f9bc4322855d",
                "sha256:d08feb1618c336d1598164987cce41bf3db18af185a3a6cb3e8c967c3bf7a22f",
                "sha256:d87e06bb8e524c97be6ff0817909869aa795db540f01f8560b3e3ac4e98a2b43",
                "sha256:d91a0d3e90addaab683dd4bdd7776bc8b6cdd652f8f0cfa8711cd62d2005fc83",
                "sha256:dd3df99620dcad3b550c4c93215133afbae571946d681af890faea80480c2e1f",
                "sha256:e5a92a3fa29f2a0821b78bd7b8c5683cd35aa67e24b6ce28eda751db5eeaa7e9",
                "sha256:ea8eb06119c36007db89aaf4134be294bfc8b8d264215ad9de82de152a93d829",
                "sha256:f2804098fd37e4b8adade601458c4fc5fcab5d7e82c9a07281e60fcf82c8d757",
                "sha256:f5647a8376c26c8c514219edb9b15b1fdfcd65d0af281fb25ea7e2e66c9f2d93"
            ],
            "version": "==1.21.0rc1"
        },
        "jinja2": {
            "hashes": [
                "sha256:065c4f02ebe7f7cf559e49ee5a95fb800a9e4528727aec6f24402a5374c65013",
                "sha256:14dd6caf1527abb21f08f86c784eac40853ba93edb79552aa1e4b8aef1b61c7b"
            ],
            "index": "pypi",
            "version": "==2.10.1"
        },
        "lnd-grpc": {
            "editable": true,
            "git": "https://github.com/willcl-ark/lnd_grpc.git",
            "ref": "69363b529a61fcfec6a0c293531c39b13b132831"
        },
        "lockfile": {
            "hashes": [
                "sha256:6aed02de03cba24efabcd600b30540140634fc06cfa603822d508d5361e9f799",
                "sha256:6c3cb24f344923d30b2785d5ad75182c8ea7ac1b6171b08657258ec7429d50fa"
            ],
            "version": "==0.12.2"
        },
        "logme": {
            "hashes": [
                "sha256:320006cf6c7898ca76698b48f9a40fb172bdafd713a1c942baaa70efcb6c7338",
                "sha256:c1f0a7f72750669fba500920aadcd10a665c3bc176425c0de97cdd7b5b19e65f"
            ],
            "index": "pypi",
            "version": "==1.3.2"
        },
        "luigi": {
            "hashes": [
                "sha256:e52321aa16e10f641fddae909b13d55672a2fa55a2c8a1bae7f83b8ef236a823"
            ],
            "index": "pypi",
            "version": "==2.8.5"
        },
        "markupsafe": {
            "hashes": [
                "sha256:00bc623926325b26bb9605ae9eae8a215691f33cae5df11ca5424f06f2d1f473",
                "sha256:09027a7803a62ca78792ad89403b1b7a73a01c8cb65909cd876f7fcebd79b161",
                "sha256:09c4b7f37d6c648cb13f9230d847adf22f8171b1ccc4d5682398e77f40309235",
                "sha256:1027c282dad077d0bae18be6794e6b6b8c91d58ed8a8d89a89d59693b9131db5",
                "sha256:24982cc2533820871eba85ba648cd53d8623687ff11cbb805be4ff7b4c971aff",
                "sha256:29872e92839765e546828bb7754a68c418d927cd064fd4708fab9fe9c8bb116b",
                "sha256:43a55c2930bbc139570ac2452adf3d70cdbb3cfe5912c71cdce1c2c6bbd9c5d1",
                "sha256:46c99d2de99945ec5cb54f23c8cd5689f6d7177305ebff350a58ce5f8de1669e",
                "sha256:500d4957e52ddc3351cabf489e79c91c17f6e0899158447047588650b5e69183",
                "sha256:535f6fc4d397c1563d08b88e485c3496cf5784e927af890fb3c3aac7f933ec66",
                "sha256:62fe6c95e3ec8a7fad637b7f3d372c15ec1caa01ab47926cfdf7a75b40e0eac1",
                "sha256:6dd73240d2af64df90aa7c4e7481e23825ea70af4b4922f8ede5b9e35f78a3b1",
                "sha256:717ba8fe3ae9cc0006d7c451f0bb265ee07739daf76355d06366154ee68d221e",
                "sha256:79855e1c5b8da654cf486b830bd42c06e8780cea587384cf6545b7d9ac013a0b",
                "sha256:7c1699dfe0cf8ff607dbdcc1e9b9af1755371f92a68f706051cc8c37d447c905",
                "sha256:88e5fcfb52ee7b911e8bb6d6aa2fd21fbecc674eadd44118a9cc3863f938e735",
                "sha256:8defac2f2ccd6805ebf65f5eeb132adcf2ab57aa11fdf4c0dd5169a004710e7d",
                "sha256:98c7086708b163d425c67c7a91bad6e466bb99d797aa64f965e9d25c12111a5e",
                "sha256:9add70b36c5666a2ed02b43b335fe19002ee5235efd4b8a89bfcf9005bebac0d",
                "sha256:9bf40443012702a1d2070043cb6291650a0841ece432556f784f004937f0f32c",
                "sha256:ade5e387d2ad0d7ebf59146cc00c8044acbd863725f887353a10df825fc8ae21",
                "sha256:b00c1de48212e4cc9603895652c5c410df699856a2853135b3967591e4beebc2",
                "sha256:b1282f8c00509d99fef04d8ba936b156d419be841854fe901d8ae224c59f0be5",
                "sha256:b2051432115498d3562c084a49bba65d97cf251f5a331c64a12ee7e04dacc51b",
                "sha256:ba59edeaa2fc6114428f1637ffff42da1e311e29382d81b339c1817d37ec93c6",
                "sha256:c8716a48d94b06bb3b2524c2b77e055fb313aeb4ea620c8dd03a105574ba704f",
                "sha256:cd5df75523866410809ca100dc9681e301e3c27567cf498077e8551b6d20e42f",
                "sha256:e249096428b3ae81b08327a63a485ad0878de3fb939049038579ac0ef61e17e7"
            ],
            "version": "==1.1.1"
        },
        "prompt-toolkit": {
            "hashes": [
                "sha256:11adf3389a996a6d45cc277580d0d53e8a5afd281d0c9ec71b28e6f121463780",
                "sha256:2519ad1d8038fd5fc8e770362237ad0364d16a7650fb5724af6997ed5515e3c1",
                "sha256:977c6583ae813a37dc1c2e1b715892461fcbdaa57f6fc62f33a528c4886c8f55"
            ],
            "index": "pypi",
            "version": "==2.0.9"
        },
        "protobuf": {
            "hashes": [
                "sha256:11f2c15439d9829f76b26cae0f84f07a983a8841653f4d1a2e8029ff86daa24f",
                "sha256:16086fa92cde5c8d71c92647f262124e4793335babc226ebe207b051cbdb9b01",
                "sha256:2f1b6aa87597991ef72c52589a60316fe416164f096f6fb2bec44641e47f4e2d",
                "sha256:359813c76c447f74774031dd9fffc7bc596f6294cb4ec3a9d25755a96cb0d1da",
                "sha256:3d78230744110a9d842723ca31534bd7a5f47a1507d90f8b1d4b33776ec15cf8",
                "sha256:4d738b4587a13ad518140744b80a59fae6d73f0ca2cf20b087f949ccf7366a11",
                "sha256:563f2cc30e69e61b2bf114c9308df5dd4c3571865cf1c61e19d6d9a12f4b480a",
                "sha256:59a6a5cc058bf0fddbb55c1e30dc70ffadb2bdbc45701973bd9ce0085f266a6a",
                "sha256:7e08e561ba1a922dc46cac7a008613cd12641988d1fab2e8c520be9a2628ed49",
                "sha256:7e57e7457ca91d9223cdc808c81a47e2da36ccb713dc8629250f247cc5afa1a8",
                "sha256:b403309a5a682ced2910c885ee751d643c0aef50c7574171cf965e861c8f4f5a",
                "sha256:cbfa8afbed3bb1ecd82106c77b8718e5ed3fc69a140c51bcdec1ebadc915ccbc",
                "sha256:d480ed1cd68cdb8571180afbf067cb1dedcdb6bb4e396090e88880a5cd2c3698",
                "sha256:da3c8889fc53566a23621739ca08b72628022347b3611ea7b6a7b24a6a61e88f",
                "sha256:dedfea055c534258a974362a31e0fd101b16b2a6021ac05fdf5a180cb3d809fb",
                "sha256:f0de5a4efd1829be0a30369c7586f24734241e1db4184e8052fc0b69135325e7",
                "sha256:f1c167e5952bd703295d82b282b0accd7aa825806181804f3f20d04af93dcb5f",
                "sha256:f284f3e662111ff1d79846c214f1780d60e54c4bf7d7c3563b7543fc1bfc9d75"
            ],
            "version": "==3.8.0rc1"
        },
        "python-daemon": {
            "hashes": [
                "sha256:261c859be5c12ae7d4286dc6951e87e9e1a70a882a8b41fd926efc1ec4214f73",
                "sha256:53da55aec3bb67b576e13a8091a2181f99b395c2eec32a5a0d91d347a5c420a7"
            ],
            "version": "==2.1.2"
        },
        "python-dateutil": {
            "hashes": [
                "sha256:7e6584c74aeed623791615e26efd690f29817a27c73085b78e4bad02493df2fb",
                "sha256:c89805f6f4d64db21ed966fda138f8a5ed7a4fdbc1a8ee329ce1b74e3c74da9e"
            ],
            "version": "==2.8.0"
        },
        "python-decouple": {
            "hashes": [
                "sha256:1317df14b43efee4337a4aa02914bf004f010cd56d6c4bd894e6474ec8c4fe2d"
            ],
            "index": "pypi",
            "version": "==3.1"
        },
        "six": {
            "hashes": [
                "sha256:3350809f0555b11f552448330d0b52d5f24c91a322ea4a15ef22629740f3761c",
                "sha256:d16a0141ec1a18405cd4ce8b4613101da75da0e9a7aec5bdd4fa804d0e0eba73"
            ],
            "version": "==1.12.0"
        },
        "tornado": {
            "hashes": [
                "sha256:5ef073ac6180038ccf99411fe05ae9aafb675952a2c8db60592d5daf8401f803",
                "sha256:6d14e47eab0e15799cf3cdcc86b0b98279da68522caace2bd7ce644287685f0a",
                "sha256:92b7ca81e18ba9ec3031a7ee73d4577ac21d41a0c9b775a9182f43301c3b5f8e",
                "sha256:ab587996fe6fb9ce65abfda440f9b61e4f9f2cf921967723540679176915e4c3",
                "sha256:b36298e9f63f18cad97378db2222c0e0ca6a55f6304e605515e05a25483ed51a"
            ],
            "version": "==4.5.3"
        },
        "wcwidth": {
            "hashes": [
                "sha256:3df37372226d6e63e1b1e1eda15c594bca98a22d33a23832a90998faa96bc65e",
                "sha256:f4ebe71925af7b40a864553f761ed559b43544f8f71746c2d756c7fe788ade7c"
            ],
            "version": "==0.1.7"
        },
        "wget": {
            "hashes": [
                "sha256:35e630eca2aa50ce998b9b1a127bb26b30dfee573702782aa982f875e3f16061"
            ],
            "index": "pypi",
            "version": "==3.2"
        }
    },
    "develop": {
        "appdirs": {
            "hashes": [
                "sha256:9e5896d1372858f8dd3344faf4e5014d21849c756c8d5701f78f8a103b372d92",
                "sha256:d8b24664561d0d34ddfaec54636d502d7cea6e29c3eaf68f3df6180863e2166e"
            ],
            "version": "==1.4.3"
        },
        "argh": {
            "hashes": [
                "sha256:a9b3aaa1904eeb78e32394cd46c6f37ac0fb4af6dc488daa58971bdc7d7fcaf3",
                "sha256:e9535b8c84dc9571a48999094fda7f33e63c3f1b74f3e5f3ac0105a58405bb65"
            ],
            "version": "==0.26.2"
        },
        "atomicwrites": {
            "hashes": [
                "sha256:03472c30eb2c5d1ba9227e4c2ca66ab8287fbfbbda3888aa93dc2e28fc6811b4",
                "sha256:75a9445bac02d8d058d5e1fe689654ba5a6556a1dfd8ce6ec55a0ed79866cfa6"
            ],
            "version": "==1.3.0"
        },
        "attrs": {
            "hashes": [
                "sha256:69c0dbf2ed392de1cb5ec704444b08a5ef81680a61cb899dc08127123af36a79",
                "sha256:f0b870f674851ecbfbbbd364d6b5cbdff9dcedbc7f3f5e18a6891057f21fe399"
            ],
            "version": "==19.1.0"
        },
        "black": {
            "hashes": [
                "sha256:09a9dcb7c46ed496a9850b76e4e825d6049ecd38b611f1224857a79bd985a8cf",
                "sha256:68950ffd4d9169716bcb8719a56c07a2f4485354fec061cdd5910aa07369731c"
            ],
            "index": "pypi",
            "version": "==19.3b0"
        },
        "click": {
            "hashes": [
                "sha256:2335065e6395b9e67ca716de5f7526736bfa6ceead690adf616d925bdc622b13",
                "sha256:5b94b49521f6456670fdb30cd82a4eca9412788a93fa6dd6df72c94d5a8ff2d7"
            ],
            "version": "==7.0"
        },
        "colorama": {
            "hashes": [
                "sha256:05eed71e2e327246ad6b38c540c4a3117230b19679b875190486ddd2d721422d",
                "sha256:f8ac84de7840f5b9c4e3347b3c1eaa50f7e49c2b07596221daec5edaabbd7c48"
            ],
            "version": "==0.4.1"
        },
        "colorlog": {
            "hashes": [
                "sha256:31378a98b965c9f2bc5fb58c906e0e6d8d2922f6b8229c39903711da5b490fc2",
                "sha256:45e76dc65c0ed0e8c27175c00b18d92016dc58a6feff62e168819a2bca26df68"
            ],
            "version": "==3.2.0"
        },
        "docopt": {
            "hashes": [
                "sha256:49b3a825280bd66b3aa83585ef59c4a8c82f2c8a522dbe754a8bc8d08c85c491"
            ],
            "version": "==0.6.2"
        },
        "entrypoints": {
            "hashes": [
                "sha256:589f874b313739ad35be6e0cd7efde2a4e9b6fea91edcc34e58ecbb8dbe56d19",
                "sha256:c70dd71abe5a8c85e55e12c19bd91ccfeec11a6e99044204511f9ed547d48451"
            ],
            "version": "==0.3"
        },
        "flake8": {
            "hashes": [
                "sha256:859996073f341f2670741b51ec1e67a01da142831aa1fdc6242dbf88dffbe661",
                "sha256:a796a115208f5c03b18f332f7c11729812c8c3ded6c46319c59b53efd3819da8"
            ],
            "index": "pypi",
            "version": "==3.7.7"
        },
        "mccabe": {
            "hashes": [
                "sha256:ab8a6258860da4b6677da4bd2fe5dc2c659cff31b3ee4f7f5d64e79735b80d42",
                "sha256:dd8d182285a0fe56bace7f45b5e7d1a6ebcbf524e8f3bd87eb0f125271b8831f"
            ],
            "version": "==0.6.1"
        },
        "more-itertools": {
            "hashes": [
                "sha256:2112d2ca570bb7c3e53ea1a35cd5df42bb0fd10c45f0fb97178679c3c03d64c7",
                "sha256:c3e4748ba1aad8dba30a4886b0b1a2004f9a863837b8654e7059eebf727afa5a"
            ],
            "markers": "python_version > '2.7'",
            "version": "==7.0.0"
        },
        "nox": {
            "hashes": [
                "sha256:71ec204996494d62deb6b56fa63d05f0b2dfc3d952bc35e887b0ea4780430718",
                "sha256:96d8f2e523139350ddb419ac9f79d60f2f014d8ed5f18f8e613f02bbd7e24914"
            ],
            "index": "pypi",
            "version": "==2019.4.11"
        },
        "pathtools": {
            "hashes": [
                "sha256:7c35c5421a39bb82e58018febd90e3b6e5db34c5443aaaf742b3f33d4655f1c0"
            ],
            "version": "==0.1.2"
        },
        "pluggy": {
            "hashes": [
                "sha256:25a1bc1d148c9a640211872b4ff859878d422bccb59c9965e04eed468a0aa180",
                "sha256:964cedd2b27c492fbf0b7f58b3284a09cf7f99b0f715941fb24a439b3af1bd1a"
            ],
            "version": "==0.11.0"
        },
        "py": {
            "hashes": [
                "sha256:64f65755aee5b381cea27766a3a147c3f15b9b6b9ac88676de66ba2ae36793fa",
                "sha256:dc639b046a6e2cff5bbe40194ad65936d6ba360b52b3c3fe1d08a82dd50b5e53"
            ],
            "version": "==1.8.0"
        },
        "pycodestyle": {
            "hashes": [
                "sha256:95a2219d12372f05704562a14ec30bc76b05a5b297b21a5dfe3f6fac3491ae56",
                "sha256:e40a936c9a450ad81df37f549d676d127b1b66000a6c500caa2b085bc0ca976c"
            ],
            "version": "==2.5.0"
        },
        "pyflakes": {
            "hashes": [
                "sha256:17dbeb2e3f4d772725c777fabc446d5634d1038f234e77343108ce445ea69ce0",
                "sha256:d976835886f8c5b31d47970ed689944a0262b5f3afa00a5a7b4dc81e5449f8a2"
            ],
            "version": "==2.1.1"
        },
        "pytest": {
            "hashes": [
                "sha256:1a8aa4fa958f8f451ac5441f3ac130d9fc86ea38780dd2715e6d5c5882700b24",
                "sha256:b8bf138592384bd4e87338cb0f256bf5f615398a649d4bd83915f0e4047a5ca6"
            ],
            "version": "==4.5.0"
        },
        "pytest-watch": {
            "hashes": [
                "sha256:06136f03d5b361718b8d0d234042f7b2f203910d8568f63df2f866b547b3d4b9"
            ],
            "index": "pypi",
            "version": "==4.2.0"
        },
        "pyyaml": {
            "hashes": [
                "sha256:1adecc22f88d38052fb787d959f003811ca858b799590a5eaa70e63dca50308c",
                "sha256:436bc774ecf7c103814098159fbb84c2715d25980175292c648f2da143909f95",
                "sha256:460a5a4248763f6f37ea225d19d5c205677d8d525f6a83357ca622ed541830c2",
                "sha256:5a22a9c84653debfbf198d02fe592c176ea548cccce47553f35f466e15cf2fd4",
                "sha256:7a5d3f26b89d688db27822343dfa25c599627bc92093e788956372285c6298ad",
                "sha256:9372b04a02080752d9e6f990179a4ab840227c6e2ce15b95e1278456664cf2ba",
                "sha256:a5dcbebee834eaddf3fa7366316b880ff4062e4bcc9787b78c7fbb4a26ff2dd1",
                "sha256:aee5bab92a176e7cd034e57f46e9df9a9862a71f8f37cad167c6fc74c65f5b4e",
                "sha256:c51f642898c0bacd335fc119da60baae0824f2cde95b0330b56c0553439f0673",
                "sha256:c68ea4d3ba1705da1e0d85da6684ac657912679a649e8868bd850d2c299cce13",
                "sha256:e23d0cc5299223dcc37885dae624f382297717e459ea24053709675a976a3e19"
            ],
            "version": "==5.1"
        },
        "six": {
            "hashes": [
                "sha256:3350809f0555b11f552448330d0b52d5f24c91a322ea4a15ef22629740f3761c",
                "sha256:d16a0141ec1a18405cd4ce8b4613101da75da0e9a7aec5bdd4fa804d0e0eba73"
            ],
            "version": "==1.12.0"
        },
        "toml": {
            "hashes": [
                "sha256:229f81c57791a41d65e399fc06bf0848bab550a9dfd5ed66df18ce5f05e73d5c",
                "sha256:235682dd292d5899d361a811df37e04a8828a5b1da3115886b73cf81ebc9100e"
            ],
            "version": "==0.10.0"
        },
        "virtualenv": {
            "hashes": [
                "sha256:15ee248d13e4001a691d9583948ad3947bcb8a289775102e4c4aa98a8b7a6d73",
                "sha256:bfc98bb9b42a3029ee41b96dc00a34c2f254cbf7716bec824477b2c82741a5c4"
            ],
            "version": "==16.5.0"
        },
        "watchdog": {
            "hashes": [
                "sha256:965f658d0732de3188211932aeb0bb457587f04f63ab4c1e33eab878e9de961d"
            ],
            "version": "==0.9.0"
        },
        "wcwidth": {
            "hashes": [
                "sha256:3df37372226d6e63e1b1e1eda15c594bca98a22d33a23832a90998faa96bc65e",
                "sha256:f4ebe71925af7b40a864553f761ed559b43544f8f71746c2d756c7fe788ade7c"
            ],
            "version": "==0.1.7"
        }
    }
}
